<Solution>
  <Folder Name="/Services/">
    <Project Path="ECFootball.Order.API/ECFootball.Order.API.csproj" Id="a54fe36a-4334-476f-b495-cb64466b5612" />
    <Project Path="ECFootBall/ECFootball.Product.API.csproj" />
  </Folder>
  <Folder Name="/Shared/">
    <Project Path="ECFootball.Infrastructure.Shared/ECFootball.Infrastructure.Shared.csproj" />
  </Folder>
</Solution>
